// !$*UTF8*$!
{
	archiveVersion = 1;
	classes = {
	};
	objectVersion = 77;
	objects = {

/* Begin PBXBuildFile section */
		29FADC322F805F34002DF9BE /* FirebaseAuth in Frameworks */ = {isa = PBXBuildFile; productRef = 29FADC312F805F34002DF9BE /* FirebaseAuth */; };
		29FADC342F805F34002DF9BE /* FirebaseCore in Frameworks */ = {isa = PBXBuildFile; productRef = 29FADC332F805F34002DF9BE /* FirebaseCore */; };
		29FADC362F805F34002DF9BE /* FirebaseFirestore in Frameworks */ = {isa = PBXBuildFile; productRef = 29FADC352F805F34002DF9BE /* FirebaseFirestore */; };
/* End PBXBuildFile section */

/* Begin PBXContainerItemProxy section */
		29C984F52F68C05000A80627 /* PBXContainerItemProxy */ = {
			isa = PBXContainerItemProxy;
			containerPortal = 29C984DF2F68C04F00A80627 /* Project object */;
			proxyType = 1;
			remoteGlobalIDString = 29C984E62F68C04F00A80627;
			remoteInfo = "ios-club-project-sp26";
		};
		29C984FF2F68C05000A80627 /* PBXContainerItemProxy */ = {
			isa = PBXContainerItemProxy;
			containerPortal = 29C984DF2F68C04F00A80627 /* Project object */;
			proxyType = 1;
			remoteGlobalIDString = 29C984E62F68C04F00A80627;
			remoteInfo = "ios-club-project-sp26";
		};
/* End PBXContainerItemProxy section */

/* Begin PBXFileReference section */
		29C984E72F68C04F00A80627 /* ios-club-project-sp26.app */ = {isa = PBXFileReference; explicitFileType = wrapper.application; includeInIndex = 0; path = "ios-club-project-sp26.app"; sourceTree = BUILT_PRODUCTS_DIR; };
		29C984F42F68C05000A80627 /* ios-club-project-sp26Tests.xctest */ = {isa = PBXFileReference; explicitFileType = wrapper.cfbundle; includeInIndex = 0; path = "ios-club-project-sp26Tests.xctest"; sourceTree = BUILT_PRODUCTS_DIR; };
		29C984FE2F68C05000A80627 /* ios-club-project-sp26UITests.xctest */ = {isa = PBXFileReference; explicitFileType = wrapper.cfbundle; includeInIndex = 0; path = "ios-club-project-sp26UITests.xctest"; sourceTree = BUILT_PRODUCTS_DIR; };
/* End PBXFileReference section */

/* Begin PBXFileSystemSynchronizedRootGroup section */
		29C984E92F68C04F00A80627 /* ios-club-project-sp26 */ = {
			isa = PBXFileSystemSynchronizedRootGroup;
			path = "ios-club-project-sp26";
			sourceTree = "<group>";
		};
		29C984F72F68C05000A80627 /* ios-club-project-sp26Tests */ = {
			isa = PBXFileSystemSynchronizedRootGroup;
			path = "ios-club-project-sp26Tests";
			sourceTree = "<group>";
		};
		29C985012F68C05000A80627 /* ios-club-project-sp26UITests */ = {
			isa = PBXFileSystemSynchronizedRootGroup;
			path = "ios-club-project-sp26UITests";
			sourceTree = "<group>";
		};
/* End PBXFileSystemSynchronizedRootGroup section */

/* Begin PBXFrameworksBuildPhase section */
		29C984E42F68C04F00A80627 /* Frameworks */ = {
			isa = PBXFrameworksBuildPhase;
			buildActionMask = 2147483647;
			files = (
				29FADC342F805F34002DF9BE /* FirebaseCore in Frameworks */,
				29FADC322F805F34002DF9BE /* FirebaseAuth in Frameworks */,
				29FADC362F805F34002DF9BE /* FirebaseFirestore in Frameworks */,
			);
			runOnlyForDeploymentPostprocessing = 0;
		};
		29C984F12F68C05000A80627 /* Frameworks */ = {
			isa = PBXFrameworksBuildPhase;
			buildActionMask = 2147483647;
			files = (
			);
			runOnlyForDeploymentPostprocessing = 0;
		};
		29C984FB2F68C05000A80627 /* Frameworks */ = {
			isa = PBXFrameworksBuildPhase;
			buildActionMask = 2147483647;
			files = (
			);
			runOnlyForDeploymentPostprocessing = 0;
		};
/* End PBXFrameworksBuildPhase section */

/* Begin PBXGroup section */
		29C984DE2F68C04F00A80627 = {
			isa = PBXGroup;
			children = (
				29C984E92F68C04F00A80627 /* ios-club-project-sp26 */,
				29C984F72F68C05000A80627 /* ios-club-project-sp26Tests */,
				29C985012F68C05000A80627 /* ios-club-project-sp26UITests */,
				29C984E82F68C04F00A80627 /* Products */,
			);
			sourceTree = "<group>";
		};
		29C984E82F68C04F00A80627 /* Products */ = {
			isa = PBXGroup;
			children = (
				29C984E72F68C04F00A80627 /* ios-club-project-sp26.app */,
				29C984F42F68C05000A80627 /* ios-club-project-sp26Tests.xctest */,
				29C984FE2F68C05000A80627 /* ios-club-project-sp26UITests.xctest */,
			);
			name = Products;
			sourceTree = "<group>";
		};
/* End PBXGroup section */

/* Begin PBXNativeTarget section */
		29C984E62F68C04F00A80627 /* ios-club-project-sp26 */ = {
			isa = PBXNativeTarget;
			buildConfigurationList = 29C985082F68C05000A80627 /* Build configuration list for PBXNativeTarget "ios-club-project-sp26" */;
			buildPhases = (
				29C984E32F68C04F00A80627 /* Sources */,
				29C984E42F68C04F00A80627 /* Frameworks */,
				29C984E52F68C04F00A80627 /* Resources */,
			);
			buildRules = (
			);
			dependencies = (
			);
			fileSystemSynchronizedGroups = (
				29C984E92F68C04F00A80627 /* ios-club-project-sp26 */,
			);
			name = "ios-club-project-sp26";
			packageProductDependencies = (
				29FADC312F805F34002DF9BE /* FirebaseAuth */,
				29FADC332F805F34002DF9BE /* FirebaseCore */,
				29FADC352F805F34002DF9BE /* FirebaseFirestore */,
			);
			productName = "ios-club-project-sp26";
			productReference = 29C984E72F68C04F00A80627 /* ios-club-project-sp26.app */;
			productType = "com.apple.product-type.application";
		};
		29C984F32F68C05000A80627 /* ios-club-project-sp26Tests */ = {
			isa = PBXNativeTarget;
			buildConfigurationList = 29C9850B2F68C05000A80627 /* Build configuration list for PBXNativeTarget "ios-club-project-sp26Tests" */;
			buildPhases = (
				29C984F02F68C05000A80627 /* Sources */,
				29C984F12F68C05000A80627 /* Frameworks */,
				29C984F22F68C05000A80627 /* Resources */,
			);
			buildRules = (
			);
			dependencies = (
				29C984F62F68C05000A80627 /* PBXTargetDependency */,
			);
			fileSystemSynchronizedGroups = (
				29C984F72F68C05000A80627 /* ios-club-project-sp26Tests */,
			);
			name = "ios-club-project-sp26Tests";
			packageProductDependencies = (
			);
			productName = "ios-club-project-sp26Tests";
			productReference = 29C984F42F68C05000A80627 /* ios-club-project-sp26Tests.xctest */;
			productType = "com.apple.product-type.bundle.unit-test";
		};
		29C984FD2F68C05000A80627 /* ios-club-project-sp26UITests */ = {
			isa = PBXNativeTarget;
			buildConfigurationList = 29C9850E2F68C05000A80627 /* Build configuration list for PBXNativeTarget "ios-club-project-sp26UITests" */;
			buildPhases = (
				29C984FA2F68C05000A80627 /* Sources */,
				29C984FB2F68C05000A80627 /* Frameworks */,
				29C984FC2F68C05000A80627 /* Resources */,
			);
			buildRules = (
			);
			dependencies = (
				29C985002F68C05000A80627 /* PBXTargetDependency */,
			);
			fileSystemSynchronizedGroups = (
				29C985012F68C05000A80627 /* ios-club-project-sp26UITests */,
			);
			name = "ios-club-project-sp26UITests";
			packageProductDependencies = (
			);
			productName = "ios-club-project-sp26UITests";
			productReference = 29C984FE2F68C05000A80627 /* ios-club-project-sp26UITests.xctest */;
			productType = "com.apple.product-type.bundle.ui-testing";
		};
/* End PBXNativeTarget section */

/* Begin PBXProject section */
		29C984DF2F68C04F00A80627 /* Project object */ = {
			isa = PBXProject;
			attributes = {
				BuildIndependentTargetsInParallel = 1;
				LastSwiftUpdateCheck = 2630;
				LastUpgradeCheck = 2630;
				TargetAttributes = {
					29C984E62F68C04F00A80627 = {
						CreatedOnToolsVersion = 26.3;
					};
					29C984F32F68C05000A80627 = {
						CreatedOnToolsVersion = 26.3;
						TestTargetID = 29C984E62F68C04F00A80627;
					};
					29C984FD2F68C05000A80627 = {
						CreatedOnToolsVersion = 26.3;
						TestTargetID = 29C984E62F68C04F00A80627;
					};
				};
			};
			buildConfigurationList = 29C984E22F68C04F00A80627 /* Build configuration list for PBXProject "ios-club-project-sp26" */;
			developmentRegion = en;
			hasScannedForEncodings = 0;
			knownRegions = (
				en,
				Base,
			);
			mainGroup = 29C984DE2F68C04F00A80627;
			minimizedProjectReferenceProxies = 1;
			packageReferences = (
				29FADC302F805F34002DF9BE /* XCRemoteSwiftPackageReference "firebase-ios-sdk" */,
			);
			preferredProjectObjectVersion = 77;
			productRefGroup = 29C984E82F68C04F00A80627 /* Products */;
			projectDirPath = "";
			projectRoot = "";
			targets = (
				29C984E62F68C04F00A80627 /* ios-club-project-sp26 */,
				29C984F32F68C05000A80627 /* ios-club-project-sp26Tests */,
				29C984FD2F68C05000A80627 /* ios-club-project-sp26UITests */,
			);
		};
/* End PBXProject section */

/* Begin PBXResourcesBuildPhase section */
		29C984E52F68C04F00A80627 /* Resources */ = {
			isa = PBXResourcesBuildPhase;
			buildActionMask = 2147483647;
			files = (
			);
			runOnlyForDeploymentPostprocessing = 0;
		};
		29C984F22F68C05000A80627 /* Resources */ = {
			isa = PBXResourcesBuildPhase;
			buildActionMask = 2147483647;
			files = (
			);
			runOnlyForDeploymentPostprocessing = 0;
		};
		29C984FC2F68C05000A80627 /* Resources */ = {
			isa = PBXResourcesBuildPhase;
			buildActionMask = 2147483647;
			files = (
			);
			runOnlyForDeploymentPostprocessing = 0;
		};
/* End PBXResourcesBuildPhase section */

/* Begin PBXSourcesBuildPhase section */
		29C984E32F68C04F00A80627 /* Sources */ = {
			isa = PBXSourcesBuildPhase;
			buildActionMask = 2147483647;
			files = (
			);
			runOnlyForDeploymentPostprocessing = 0;
		};
		29C984F02F68C05000A80627 /* Sources */ = {
			isa = PBXSourcesBuildPhase;
			buildActionMask = 2147483647;
			files = (
			);
			runOnlyForDeploymentPostprocessing = 0;
		};
		29C984FA2F68C05000A80627 /* Sources */ = {
			isa = PBXSourcesBuildPhase;
			buildActionMask = 2147483647;
			files = (
			);
			runOnlyForDeploymentPostprocessing = 0;
		};
/* End PBXSourcesBuildPhase section */

/* Begin PBXTargetDependency section */
		29C984F62F68C05000A80627 /* PBXTargetDependency */ = {
			isa = PBXTargetDependency;
			target = 29C984E62F68C04F00A80627 /* ios-club-project-sp26 */;
			targetProxy = 29C984F52F68C05000A80627 /* PBXContainerItemProxy */;
		};
		29C985002F68C05000A80627 /* PBXTargetDependency */ = {
			isa = PBXTargetDependency;
			target = 29C984E62F68C04F00A80627 /* ios-club-project-sp26 */;
			targetProxy = 29C984FF2F68C05000A80627 /* PBXContainerItemProxy */;
		};
/* End PBXTargetDependency section */

/* Begin XCBuildConfiguration section */
		29C985062F68C05000A80627 /* Debug */ = {
			isa = XCBuildConfiguration;
			buildSettings = {
				ALWAYS_SEARCH_USER_PATHS = NO;
				ASSETCATALOG_COMPILER_GENERATE_SWIFT_ASSET_SYMBOL_EXTENSIONS = YES;
				CLANG_ANALYZER_NONNULL = YES;
				CLANG_ANALYZER_NUMBER_OBJECT_CONVERSION = YES_AGGRESSIVE;
				CLANG_CXX_LANGUAGE_STANDARD = "gnu++20";
				CLANG_ENABLE_MODULES = YES;
				CLANG_ENABLE_OBJC_ARC = YES;
				CLANG_ENABLE_OBJC_WEAK = YES;
				CLANG_WARN_BLOCK_CAPTURE_AUTORELEASING = YES;
				CLANG_WARN_BOOL_CONVERSION = YES;
				CLANG_WARN_COMMA = YES;
				CLANG_WARN_CONSTANT_CONVERSION = YES;
				CLANG_WARN_DEPRECATED_OBJC_IMPLEMENTATIONS = YES;
				CLANG_WARN_DIRECT_OBJC_ISA_USAGE = YES_ERROR;
				CLANG_WARN_DOCUMENTATION_COMMENTS = YES;
				CLANG_WARN_EMPTY_BODY = YES;
				CLANG_WARN_ENUM_CONVERSION = YES;
				CLANG_WARN_INFINITE_RECURSION = YES;
				CLANG_WARN_INT_CONVERSION = YES;
				CLANG_WARN_NON_LITERAL_NULL_CONVERSION = YES;
				CLANG_WARN_OBJC_IMPLICIT_RETAIN_SELF = YES;
				CLANG_WARN_OBJC_LITERAL_CONVERSION = YES;
				CLANG_WARN_OBJC_ROOT_CLASS = YES_ERROR;
				CLANG_WARN_QUOTED_INCLUDE_IN_FRAMEWORK_HEADER = YES;
				CLANG_WARN_RANGE_LOOP_ANALYSIS = YES;
				CLANG_WARN_STRICT_PROTOTYPES = YES;
				CLANG_WARN_SUSPICIOUS_MOVE = YES;
				CLANG_WARN_UNGUARDED_AVAILABILITY = YES_AGGRESSIVE;
				CLANG_WARN_UNREACHABLE_CODE = YES;
				CLANG_WARN__DUPLICATE_METHOD_MATCH = YES;
				COPY_PHASE_STRIP = NO;
				DEBUG_INFORMATION_FORMAT = dwarf;
				ENABLE_STRICT_OBJC_MSGSEND = YES;
				ENABLE_TESTABILITY = YES;
				ENABLE_USER_SCRIPT_SANDBOXING = YES;
				GCC_C_LANGUAGE_STANDARD = gnu17;
				GCC_DYNAMIC_NO_PIC = NO;
				GCC_NO_COMMON_BLOCKS = YES;
				GCC_OPTIMIZATION_LEVEL = 0;
				GCC_PREPROCESSOR_DEFINITIONS = (
					"DEBUG=1",
					"$(inherited)",
				);
				GCC_WARN_64_TO_32_BIT_CONVERSION = YES;
				GCC_WARN_ABOUT_RETURN_TYPE = YES_ERROR;
				GCC_WARN_UNDECLARED_SELECTOR = YES;
				GCC_WARN_UNINITIALIZED_AUTOS = YES_AGGRESSIVE;
				GCC_WARN_UNUSED_FUNCTION = YES;
				GCC_WARN_UNUSED_VARIABLE = YES;
				IPHONEOS_DEPLOYMENT_TARGET = 26.2;
				LOCALIZATION_PREFERS_STRING_CATALOGS = YES;
				MTL_ENABLE_DEBUG_INFO = INCLUDE_SOURCE;
				MTL_FAST_MATH = YES;
				ONLY_ACTIVE_ARCH = YES;
				SDKROOT = iphoneos;
				SWIFT_ACTIVE_COMPILATION_CONDITIONS = "DEBUG $(inherited)";
				SWIFT_OPTIMIZATION_LEVEL = "-Onone";
			};
			name = Debug;
		};
		29C985072F68C05000A80627 /* Release */ = {
			isa = XCBuildConfiguration;
			buildSettings = {
				ALWAYS_SEARCH_USER_PATHS = NO;
				ASSETCATALOG_COMPILER_GENERATE_SWIFT_ASSET_SYMBOL_EXTENSIONS = YES;
				CLANG_ANALYZER_NONNULL = YES;
				CLANG_ANALYZER_NUMBER_OBJECT_CONVERSION = YES_AGGRESSIVE;
				CLANG_CXX_LANGUAGE_STANDARD = "gnu++20";
				CLANG_ENABLE_MODULES = YES;
				CLANG_ENABLE_OBJC_ARC = YES;
				CLANG_ENABLE_OBJC_WEAK = YES;
				CLANG_WARN_BLOCK_CAPTURE_AUTORELEASING = YES;
				CLANG_WARN_BOOL_CONVERSION = YES;
				CLANG_WARN_COMMA = YES;
				CLANG_WARN_CONSTANT_CONVERSION = YES;
				CLANG_WARN_DEPRECATED_OBJC_IMPLEMENTATIONS = YES;
				CLANG_WARN_DIRECT_OBJC_ISA_USAGE = YES_ERROR;
				CLANG_WARN_DOCUMENTATION_COMMENTS = YES;
				CLANG_WARN_EMPTY_BODY = YES;
				CLANG_WARN_ENUM_CONVERSION = YES;
				CLANG_WARN_INFINITE_RECURSION = YES;
				CLANG_WARN_INT_CONVERSION = YES;
				CLANG_WARN_NON_LITERAL_NULL_CONVERSION = YES;
				CLANG_WARN_OBJC_IMPLICIT_RETAIN_SELF = YES;
				CLANG_WARN_OBJC_LITERAL_CONVERSION = YES;
				CLANG_WARN_OBJC_ROOT_CLASS = YES_ERROR;
				CLANG_WARN_QUOTED_INCLUDE_IN_FRAMEWORK_HEADER = YES;
				CLANG_WARN_RANGE_LOOP_ANALYSIS = YES;
				CLANG_WARN_STRICT_PROTOTYPES = YES;
				CLANG_WARN_SUSPICIOUS_MOVE = YES;
				CLANG_WARN_UNGUARDED_AVAILABILITY = YES_AGGRESSIVE;
				CLANG_WARN_UNREACHABLE_CODE = YES;
				CLANG_WARN__DUPLICATE_METHOD_MATCH = YES;
				COPY_PHASE_STRIP = NO;
				DEBUG_INFORMATION_FORMAT = "dwarf-with-dsym";
				ENABLE_NS_ASSERTIONS = NO;
				ENABLE_STRICT_OBJC_MSGSEND = YES;
				ENABLE_USER_SCRIPT_SANDBOXING = YES;
				GCC_C_LANGUAGE_STANDARD = gnu17;
				GCC_NO_COMMON_BLOCKS = YES;
				GCC_WARN_64_TO_32_BIT_CONVERSION = YES;
				GCC_WARN_ABOUT_RETURN_TYPE = YES_ERROR;
				GCC_WARN_UNDECLARED_SELECTOR = YES;
				GCC_WARN_UNINITIALIZED_AUTOS = YES_AGGRESSIVE;
				GCC_WARN_UNUSED_FUNCTION = YES;
				GCC_WARN_UNUSED_VARIABLE = YES;
				IPHONEOS_DEPLOYMENT_TARGET = 26.2;
				LOCALIZATION_PREFERS_STRING_CATALOGS = YES;
				MTL_ENABLE_DEBUG_INFO = NO;
				MTL_FAST_MATH = YES;
				SDKROOT = iphoneos;
				SWIFT_COMPILATION_MODE = wholemodule;
				VALIDATE_PRODUCT = YES;
			};
			name = Release;
		};
		29C985092F68C05000A80627 /* Debug */ = {
			isa = XCBuildConfiguration;
			buildSettings = {
				ASSETCATALOG_COMPILER_APPICON_NAME = AppIcon;
				ASSETCATALOG_COMPILER_GLOBAL_ACCENT_COLOR_NAME = AccentColor;
				CODE_SIGN_STYLE = Automatic;
				CURRENT_PROJECT_VERSION = 1;
				ENABLE_PREVIEWS = YES;
				GENERATE_INFOPLIST_FILE = YES;
				INFOPLIST_KEY_UIApplicationSceneManifest_Generation = YES;
				INFOPLIST_KEY_UIApplicationSupportsIndirectInputEvents = YES;
				INFOPLIST_KEY_UILaunchScreen_Generation = YES;
				INFOPLIST_KEY_UISupportedInterfaceOrientations_iPad = "UIInterfaceOrientationPortrait UIInterfaceOrientationPortraitUpsideDown UIInterfaceOrientationLandscapeLeft UIInterfaceOrientationLandscapeRight";
				INFOPLIST_KEY_UISupportedInterfaceOrientations_iPhone = "UIInterfaceOrientationPortrait UIInterfaceOrientationLandscapeLeft UIInterfaceOrientationLandscapeRight";
				IPHONEOS_DEPLOYMENT_TARGET = 26.0;
				LD_RUNPATH_SEARCH_PATHS = (
					"$(inherited)",
					"@executable_path/Frameworks",
				);
				MARKETING_VERSION = 1.0;
				PRODUCT_BUNDLE_IDENTIFIER = "workshop.ios-club-project-sp26";
				PRODUCT_NAME = "$(TARGET_NAME)";
				STRING_CATALOG_GENERATE_SYMBOLS = YES;
				SWIFT_APPROACHABLE_CONCURRENCY = YES;
				SWIFT_DEFAULT_ACTOR_ISOLATION = MainActor;
				SWIFT_EMIT_LOC_STRINGS = YES;
				SWIFT_UPCOMING_FEATURE_MEMBER_IMPORT_VISIBILITY = YES;
				SWIFT_VERSION = 5.0;
				TARGETED_DEVICE_FAMILY = "1,2";
			};
			name = Debug;
		};
		29C9850A2F68C05000A80627 /* Release */ = {
			isa = XCBuildConfiguration;
			buildSettings = {
				ASSETCATALOG_COMPILER_APPICON_NAME = AppIcon;
				ASSETCATALOG_COMPILER_GLOBAL_ACCENT_COLOR_NAME = AccentColor;
				CODE_SIGN_STYLE = Automatic;
				CURRENT_PROJECT_VERSION = 1;
				ENABLE_PREVIEWS = YES;
				GENERATE_INFOPLIST_FILE = YES;
				INFOPLIST_KEY_UIApplicationSceneManifest_Generation = YES;
				INFOPLIST_KEY_UIApplicationSupportsIndirectInputEvents = YES;
				INFOPLIST_KEY_UILaunchScreen_Generation = YES;
				INFOPLIST_KEY_UISupportedInterfaceOrientations_iPad = "UIInterfaceOrientationPortrait UIInterfaceOrientationPortraitUpsideDown UIInterfaceOrientationLandscapeLeft UIInterfaceOrientationLandscapeRight";
				INFOPLIST_KEY_UISupportedInterfaceOrientations_iPhone = "UIInterfaceOrientationPortrait UIInterfaceOrientationLandscapeLeft UIInterfaceOrientationLandscapeRight";
				IPHONEOS_DEPLOYMENT_TARGET = 26.0;
				LD_RUNPATH_SEARCH_PATHS = (
					"$(inherited)",
					"@executable_path/Frameworks",
				);
				MARKETING_VERSION = 1.0;
				PRODUCT_BUNDLE_IDENTIFIER = "workshop.ios-club-project-sp26";
				PRODUCT_NAME = "$(TARGET_NAME)";
				STRING_CATALOG_GENERATE_SYMBOLS = YES;
				SWIFT_APPROACHABLE_CONCURRENCY = YES;
				SWIFT_DEFAULT_ACTOR_ISOLATION = MainActor;
				SWIFT_EMIT_LOC_STRINGS = YES;
				SWIFT_UPCOMING_FEATURE_MEMBER_IMPORT_VISIBILITY = YES;
				SWIFT_VERSION = 5.0;
				TARGETED_DEVICE_FAMILY = "1,2";
			};
			name = Release;
		};
		29C9850C2F68C05000A80627 /* Debug */ = {
			isa = XCBuildConfiguration;
			buildSettings = {
				BUNDLE_LOADER = "$(TEST_HOST)";
				CODE_SIGN_STYLE = Automatic;
				CURRENT_PROJECT_VERSION = 1;
				GENERATE_INFOPLIST_FILE = YES;
				IPHONEOS_DEPLOYMENT_TARGET = 26.2;
				MARKETING_VERSION = 1.0;
				PRODUCT_BUNDLE_IDENTIFIER = "workshop.ios-club-project-sp26Tests";
				PRODUCT_NAME = "$(TARGET_NAME)";
				STRING_CATALOG_GENERATE_SYMBOLS = NO;
				SWIFT_APPROACHABLE_CONCURRENCY = YES;
				SWIFT_EMIT_LOC_STRINGS = NO;
				SWIFT_UPCOMING_FEATURE_MEMBER_IMPORT_VISIBILITY = YES;
				SWIFT_VERSION = 5.0;
				TARGETED_DEVICE_FAMILY = "1,2";
				TEST_HOST = "$(BUILT_PRODUCTS_DIR)/ios-club-project-sp26.app/$(BUNDLE_EXECUTABLE_FOLDER_PATH)/ios-club-project-sp26";
			};
			name = Debug;
		};
		29C9850D2F68C05000A80627 /* Release */ = {
			isa = XCBuildConfiguration;
			buildSettings = {
				BUNDLE_LOADER = "$(TEST_HOST)";
				CODE_SIGN_STYLE = Automatic;
				CURRENT_PROJECT_VERSION = 1;
				GENERATE_INFOPLIST_FILE = YES;
				IPHONEOS_DEPLOYMENT_TARGET = 26.2;
				MARKETING_VERSION = 1.0;
				PRODUCT_BUNDLE_IDENTIFIER = "workshop.ios-club-project-sp26Tests";
				PRODUCT_NAME = "$(TARGET_NAME)";
				STRING_CATALOG_GENERATE_SYMBOLS = NO;
				SWIFT_APPROACHABLE_CONCURRENCY = YES;
				SWIFT_EMIT_LOC_STRINGS = NO;
				SWIFT_UPCOMING_FEATURE_MEMBER_IMPORT_VISIBILITY = YES;
				SWIFT_VERSION = 5.0;
				TARGETED_DEVICE_FAMILY = "1,2";
				TEST_HOST = "$(BUILT_PRODUCTS_DIR)/ios-club-project-sp26.app/$(BUNDLE_EXECUTABLE_FOLDER_PATH)/ios-club-project-sp26";
			};
			name = Release;
		};
		29C9850F2F68C05000A80627 /* Debug */ = {
			isa = XCBuildConfiguration;
			buildSettings = {
				CODE_SIGN_STYLE = Automatic;
				CURRENT_PROJECT_VERSION = 1;
				GENERATE_INFOPLIST_FILE = YES;
				MARKETING_VERSION = 1.0;
				PRODUCT_BUNDLE_IDENTIFIER = "workshop.ios-club-project-sp26UITests";
				PRODUCT_NAME = "$(TARGET_NAME)";
				STRING_CATALOG_GENERATE_SYMBOLS = NO;
				SWIFT_APPROACHABLE_CONCURRENCY = YES;
				SWIFT_EMIT_LOC_STRINGS = NO;
				SWIFT_UPCOMING_FEATURE_MEMBER_IMPORT_VISIBILITY = YES;
				SWIFT_VERSION = 5.0;
				TARGETED_DEVICE_FAMILY = "1,2";
				TEST_TARGET_NAME = "ios-club-project-sp26";
			};
			name = Debug;
		};
		29C985102F68C05000A80627 /* Release */ = {
			isa = XCBuildConfiguration;
			buildSettings = {
				CODE_SIGN_STYLE = Automatic;
				CURRENT_PROJECT_VERSION = 1;
				GENERATE_INFOPLIST_FILE = YES;
				MARKETING_VERSION = 1.0;
				PRODUCT_BUNDLE_IDENTIFIER = "workshop.ios-club-project-sp26UITests";
				PRODUCT_NAME = "$(TARGET_NAME)";
				STRING_CATALOG_GENERATE_SYMBOLS = NO;
				SWIFT_APPROACHABLE_CONCURRENCY = YES;
				SWIFT_EMIT_LOC_STRINGS = NO;
				SWIFT_UPCOMING_FEATURE_MEMBER_IMPORT_VISIBILITY = YES;
				SWIFT_VERSION = 5.0;
				TARGETED_DEVICE_FAMILY = "1,2";
				TEST_TARGET_NAME = "ios-club-project-sp26";
			};
			name = Release;
		};
/* End XCBuildConfiguration section */

/* Begin XCConfigurationList section */
		29C984E22F68C04F00A80627 /* Build configuration list for PBXProject "ios-club-project-sp26" */ = {
			isa = XCConfigurationList;
			buildConfigurations = (
				29C985062F68C05000A80627 /* Debug */,
				29C985072F68C05000A80627 /* Release */,
			);
			defaultConfigurationIsVisible = 0;
			defaultConfigurationName = Release;
		};
		29C985082F68C05000A80627 /* Build configuration list for PBXNativeTarget "ios-club-project-sp26" */ = {
			isa = XCConfigurationList;
			buildConfigurations = (
				29C985092F68C05000A80627 /* Debug */,
				29C9850A2F68C05000A80627 /* Release */,
			);
			defaultConfigurationIsVisible = 0;
			defaultConfigurationName = Release;
		};
		29C9850B2F68C05000A80627 /* Build configuration list for PBXNativeTarget "ios-club-project-sp26Tests" */ = {
			isa = XCConfigurationList;
			buildConfigurations = (
				29C9850C2F68C05000A80627 /* Debug */,
				29C9850D2F68C05000A80627 /* Release */,
			);
			defaultConfigurationIsVisible = 0;
			defaultConfigurationName = Release;
		};
		29C9850E2F68C05000A80627 /* Build configuration list for PBXNativeTarget "ios-club-project-sp26UITests" */ = {
			isa = XCConfigurationList;
			buildConfigurations = (
				29C9850F2F68C05000A80627 /* Debug */,
				29C985102F68C05000A80627 /* Release */,
			);
			defaultConfigurationIsVisible = 0;
			defaultConfigurationName = Release;
		};
/* End XCConfigurationList section */

/* Begin XCRemoteSwiftPackageReference section */
		29FADC302F805F34002DF9BE /* XCRemoteSwiftPackageReference "firebase-ios-sdk" */ = {
			isa = XCRemoteSwiftPackageReference;
			repositoryURL = "https://github.com/firebase/firebase-ios-sdk";
			requirement = {
				kind = upToNextMajorVersion;
				minimumVersion = 12.11.0;
			};
		};
/* End XCRemoteSwiftPackageReference section */

/* Begin XCSwiftPackageProductDependency section */
		29FADC312F805F34002DF9BE /* FirebaseAuth */ = {
			isa = XCSwiftPackageProductDependency;
			package = 29FADC302F805F34002DF9BE /* XCRemoteSwiftPackageReference "firebase-ios-sdk" */;
			productName = FirebaseAuth;
		};
		29FADC332F805F34002DF9BE /* FirebaseCore */ = {
			isa = XCSwiftPackageProductDependency;
			package = 29FADC302F805F34002DF9BE /* XCRemoteSwiftPackageReference "firebase-ios-sdk" */;
			productName = FirebaseCore;
		};
		29FADC352F805F34002DF9BE /* FirebaseFirestore */ = {
			isa = XCSwiftPackageProductDependency;
			package = 29FADC302F805F34002DF9BE /* XCRemoteSwiftPackageReference "firebase-ios-sdk" */;
			productName = FirebaseFirestore;
		};
/* End XCSwiftPackageProductDependency section */
	};
	rootObject = 29C984DF2F68C04F00A80627 /* Project object */;
}
